
Microsoft Visual Studio Solution File, Format Version 12.00
# Visual Studio Version 17
VisualStudioVersion = 17.9.34714.143
MinimumVisualStudioVersion = 10.0.40219.1
Project("{FAE04EC0-301F-11D3-BF4B-00C04F79EFBC}") = "MYSQLWTIApplication", "MYSQLWTIApplication\MYSQLWTIApplication.csproj", "{F3E421C5-82A8-49B8-8CAA-51A60FD2AF08}"
EndProject
Global
	GlobalSection(SolutionConfigurationPlatforms) = preSolution
		Debug|Any CPU = Debug|Any CPU
		Release|Any CPU = Release|Any CPU
	EndGlobalSection
	GlobalSection(ProjectConfigurationPlatforms) = postSolution
		{F3E421C5-82A8-49B8-8CAA-51A60FD2AF08}.Debug|Any CPU.ActiveCfg = Debug|Any CPU
		{F3E421C5-82A8-49B8-8CAA-51A60FD2AF08}.Debug|Any CPU.Build.0 = Debug|Any CPU
		{F3E421C5-82A8-49B8-8CAA-51A60FD2AF08}.Release|Any CPU.ActiveCfg = Release|Any CPU
		{F3E421C5-82A8-49B8-8CAA-51A60FD2AF08}.Release|Any CPU.Build.0 = Release|Any CPU
	EndGlobalSection
	GlobalSection(SolutionProperties) = preSolution
		HideSolutionNode = FALSE
	EndGlobalSection
	GlobalSection(ExtensibilityGlobals) = postSolution
		SolutionGuid = {40717908-D7A4-490F-821E-F7F7E28AFF06}
	EndGlobalSection
EndGlobal
